
Microsoft Visual Studio Solution File, Format Version 12.00
# Visual Studio Version 17
VisualStudioVersion = 17.8.34525.116
MinimumVisualStudioVersion = 10.0.40219.1
Project("{9A19103F-16F7-4668-BE54-9A1E7A4F7556}") = "BulkyWeb", "BulkyWeb\BulkyWeb.csproj", "{1B500DAB-6208-4110-B371-7BEB76CABA85}"
EndProject
Project("{FAE04EC0-301F-11D3-BF4B-00C04F79EFBC}") = "Bulky.DataAccess", "Bulky.DataAccess\Bulky.DataAccess.csproj", "{6741BD2B-D2F7-4165-AC5E-6A681E05D5BF}"
EndProject
Project("{FAE04EC0-301F-11D3-BF4B-00C04F79EFBC}") = "Bulky.Models", "Bulky.Models\Bulky.Models.csproj", "{6A467EA1-896F-4CEE-86CE-A9720822D05B}"
EndProject
Project("{FAE04EC0-301F-11D3-BF4B-00C04F79EFBC}") = "Bulky.Utility", "Bulky.Utility\Bulky.Utility.csproj", "{054ED59C-9B04-438A-AD4F-687C7ADCFC14}"
EndProject
Global
	GlobalSection(SolutionConfigurationPlatforms) = preSolution
		Debug|Any CPU = Debug|Any CPU
		Release|Any CPU = Release|Any CPU
	EndGlobalSection
	GlobalSection(ProjectConfigurationPlatforms) = postSolution
		{1B500DAB-6208-4110-B371-7BEB76CABA85}.Debug|Any CPU.ActiveCfg = Debug|Any CPU
		{1B500DAB-6208-4110-B371-7BEB76CABA85}.Debug|Any CPU.Build.0 = Debug|Any CPU
		{1B500DAB-6208-4110-B371-7BEB76CABA85}.Release|Any CPU.ActiveCfg = Release|Any CPU
		{1B500DAB-6208-4110-B371-7BEB76CABA85}.Release|Any CPU.Build.0 = Release|Any CPU
		{6741BD2B-D2F7-4165-AC5E-6A681E05D5BF}.Debug|Any CPU.ActiveCfg = Debug|Any CPU
		{6741BD2B-D2F7-4165-AC5E-6A681E05D5BF}.Debug|Any CPU.Build.0 = Debug|Any CPU
		{6741BD2B-D2F7-4165-AC5E-6A681E05D5BF}.Release|Any CPU.ActiveCfg = Release|Any CPU
		{6741BD2B-D2F7-4165-AC5E-6A681E05D5BF}.Release|Any CPU.Build.0 = Release|Any CPU
		{6A467EA1-896F-4CEE-86CE-A9720822D05B}.Debug|Any CPU.ActiveCfg = Debug|Any CPU
		{6A467EA1-896F-4CEE-86CE-A9720822D05B}.Debug|Any CPU.Build.0 = Debug|Any CPU
		{6A467EA1-896F-4CEE-86CE-A9720822D05B}.Release|Any CPU.ActiveCfg = Release|Any CPU
		{6A467EA1-896F-4CEE-86CE-A9720822D05B}.Release|Any CPU.Build.0 = Release|Any CPU
		{054ED59C-9B04-438A-AD4F-687C7ADCFC14}.Debug|Any CPU.ActiveCfg = Debug|Any CPU
		{054ED59C-9B04-438A-AD4F-687C7ADCFC14}.Debug|Any CPU.Build.0 = Debug|Any CPU
		{054ED59C-9B04-438A-AD4F-687C7ADCFC14}.Release|Any CPU.ActiveCfg = Release|Any CPU
		{054ED59C-9B04-438A-AD4F-687C7ADCFC14}.Release|Any CPU.Build.0 = Release|Any CPU
	EndGlobalSection
	GlobalSection(SolutionProperties) = preSolution
		HideSolutionNode = FALSE
	EndGlobalSection
	GlobalSection(ExtensibilityGlobals) = postSolution
		SolutionGuid = {6C748B50-9D89-4B6C-ABE4-C7A238840006}
	EndGlobalSection
EndGlobal
